// !$*UTF8*$!
{
	archiveVersion = 1;
	classes = {
	};
	objectVersion = 46;
	objects = {

/* Begin PBXBuildFile section */
		901191861715481300B0A804 /* CoreMIDI.framework in Frameworks */ = {isa = PBXBuildFile; fileRef = 901191851715481300B0A804 /* CoreMIDI.framework */; };
		902A5D4116F8156000E120DB /* AudioToolbox.framework in Frameworks */ = {isa = PBXBuildFile; fileRef = 902A5D3E16F8156000E120DB /* AudioToolbox.framework */; };
		902A5D4316F8156000E120DB /* CoreAudio.framework in Frameworks */ = {isa = PBXBuildFile; fileRef = 902A5D4016F8156000E120DB /* CoreAudio.framework */; };
		902A5D4516F815BA00E120DB /* AVFoundation.framework in Frameworks */ = {isa = PBXBuildFile; fileRef = 902A5D4416F815BA00E120DB /* AVFoundation.framework */; };
		9032E78016EEC13200A84A9F /* UIKit.framework in Frameworks */ = {isa = PBXBuildFile; fileRef = 9032E77F16EEC13200A84A9F /* UIKit.framework */; };
		9032E78216EEC13200A84A9F /* Foundation.framework in Frameworks */ = {isa = PBXBuildFile; fileRef = 9032E78116EEC13200A84A9F /* Foundation.framework */; };
		9032E78416EEC13200A84A9F /* CoreGraphics.framework in Frameworks */ = {isa = PBXBuildFile; fileRef = 9032E78316EEC13200A84A9F /* CoreGraphics.framework */; };
		9032E78A16EEC13200A84A9F /* InfoPlist.strings in Resources */ = {isa = PBXBuildFile; fileRef = 9032E78816EEC13200A84A9F /* InfoPlist.strings */; };
		9032E78C16EEC13200A84A9F /* main.m in Sources */ = {isa = PBXBuildFile; fileRef = 9032E78B16EEC13200A84A9F /* main.m */; };
		9032E79016EEC13200A84A9F /* TunerAppDelegate.m in Sources */ = {isa = PBXBuildFile; fileRef = 9032E78F16EEC13200A84A9F /* TunerAppDelegate.m */; };
		9032E79216EEC13200A84A9F /* Default.png in Resources */ = {isa = PBXBuildFile; fileRef = 9032E79116EEC13200A84A9F /* Default.png */; };
		9032E79416EEC13200A84A9F /* Default@2x.png in Resources */ = {isa = PBXBuildFile; fileRef = 9032E79316EEC13200A84A9F /* Default@2x.png */; };
		9032E79616EEC13200A84A9F /* Default-568h@2x.png in Resources */ = {isa = PBXBuildFile; fileRef = 9032E79516EEC13200A84A9F /* Default-568h@2x.png */; };
		9032E79916EEC13200A84A9F /* MainStoryboard.storyboard in Resources */ = {isa = PBXBuildFile; fileRef = 9032E79716EEC13200A84A9F /* MainStoryboard.storyboard */; };
		9032E79C16EEC13200A84A9F /* TunerViewController.m in Sources */ = {isa = PBXBuildFile; fileRef = 9032E79B16EEC13200A84A9F /* TunerViewController.m */; };
		904074EC16EECFD200C48DD4 /* MIDINote.m in Sources */ = {isa = PBXBuildFile; fileRef = 904074EB16EECFD200C48DD4 /* MIDINote.m */; };
		905B897016F6A97900FF6E1B /* VirtualInstrument.m in Sources */ = {isa = PBXBuildFile; fileRef = 905B896F16F6A97900FF6E1B /* VirtualInstrument.m */; };
		905B897416F70D3C00FF6E1B /* Sounds in Resources */ = {isa = PBXBuildFile; fileRef = 905B897116F70D3C00FF6E1B /* Sounds */; };
		905B897516F70D3C00FF6E1B /* Trombone.aupreset in Resources */ = {isa = PBXBuildFile; fileRef = 905B897216F70D3C00FF6E1B /* Trombone.aupreset */; };
		905B897616F70D3C00FF6E1B /* Vibraphone.aupreset in Resources */ = {isa = PBXBuildFile; fileRef = 905B897316F70D3C00FF6E1B /* Vibraphone.aupreset */; };
		90EAB2341715513100597BFC /* Communicator.m in Sources */ = {isa = PBXBuildFile; fileRef = 90EAB2331715513100597BFC /* Communicator.m */; };
		90EAB2371715638600597BFC /* NoteNumDict.m in Sources */ = {isa = PBXBuildFile; fileRef = 90EAB2361715638600597BFC /* NoteNumDict.m */; };
		90FF31201716331200C30FE2 /* PGMidi.mm in Sources */ = {isa = PBXBuildFile; fileRef = 90FF311B1716331200C30FE2 /* PGMidi.mm */; };
		90FF31211716331200C30FE2 /* PGMidiAllSources.mm in Sources */ = {isa = PBXBuildFile; fileRef = 90FF311D1716331200C30FE2 /* PGMidiAllSources.mm */; };
		90FF31221716331200C30FE2 /* PGMidiFind.mm in Sources */ = {isa = PBXBuildFile; fileRef = 90FF311F1716331200C30FE2 /* PGMidiFind.mm */; };
		90FF312417164D1B00C30FE2 /* README in Resources */ = {isa = PBXBuildFile; fileRef = 90FF312317164D1B00C30FE2 /* README */; };
/* End PBXBuildFile section */

/* Begin PBXFileReference section */
		901191851715481300B0A804 /* CoreMIDI.framework */ = {isa = PBXFileReference; lastKnownFileType = wrapper.framework; name = CoreMIDI.framework; path = System/Library/Frameworks/CoreMIDI.framework; sourceTree = SDKROOT; };
		9023ADAB171E814300D4B90C /* ModeSelection.h */ = {isa = PBXFileReference; fileEncoding = 4; lastKnownFileType = sourcecode.c.h; path = ModeSelection.h; sourceTree = "<group>"; };
		902A5D3E16F8156000E120DB /* AudioToolbox.framework */ = {isa = PBXFileReference; lastKnownFileType = wrapper.framework; name = AudioToolbox.framework; path = System/Library/Frameworks/AudioToolbox.framework; sourceTree = SDKROOT; };
		902A5D4016F8156000E120DB /* CoreAudio.framework */ = {isa = PBXFileReference; lastKnownFileType = wrapper.framework; name = CoreAudio.framework; path = System/Library/Frameworks/CoreAudio.framework; sourceTree = SDKROOT; };
		902A5D4416F815BA00E120DB /* AVFoundation.framework */ = {isa = PBXFileReference; lastKnownFileType = wrapper.framework; name = AVFoundation.framework; path = System/Library/Frameworks/AVFoundation.framework; sourceTree = SDKROOT; };
		9032E77C16EEC13200A84A9F /* Tuner.app */ = {isa = PBXFileReference; explicitFileType = wrapper.application; includeInIndex = 0; path = Tuner.app; sourceTree = BUILT_PRODUCTS_DIR; };
		9032E77F16EEC13200A84A9F /* UIKit.framework */ = {isa = PBXFileReference; lastKnownFileType = wrapper.framework; name = UIKit.framework; path = System/Library/Frameworks/UIKit.framework; sourceTree = SDKROOT; };
		9032E78116EEC13200A84A9F /* Foundation.framework */ = {isa = PBXFileReference; lastKnownFileType = wrapper.framework; name = Foundation.framework; path = System/Library/Frameworks/Foundation.framework; sourceTree = SDKROOT; };
		9032E78316EEC13200A84A9F /* CoreGraphics.framework */ = {isa = PBXFileReference; lastKnownFileType = wrapper.framework; name = CoreGraphics.framework; path = System/Library/Frameworks/CoreGraphics.framework; sourceTree = SDKROOT; };
		9032E78716EEC13200A84A9F /* Tuner-Info.plist */ = {isa = PBXFileReference; lastKnownFileType = text.plist.xml; path = "Tuner-Info.plist"; sourceTree = "<group>"; };
		9032E78916EEC13200A84A9F /* en */ = {isa = PBXFileReference; lastKnownFileType = text.plist.strings; name = en; path = en.lproj/InfoPlist.strings; sourceTree = "<group>"; };
		9032E78B16EEC13200A84A9F /* main.m */ = {isa = PBXFileReference; lastKnownFileType = sourcecode.c.objc; path = main.m; sourceTree = "<group>"; };
		9032E78D16EEC13200A84A9F /* Tuner-Prefix.pch */ = {isa = PBXFileReference; lastKnownFileType = sourcecode.c.h; path = "Tuner-Prefix.pch"; sourceTree = "<group>"; };
		9032E78E16EEC13200A84A9F /* TunerAppDelegate.h */ = {isa = PBXFileReference; lastKnownFileType = sourcecode.c.h; path = TunerAppDelegate.h; sourceTree = "<group>"; };
		9032E78F16EEC13200A84A9F /* TunerAppDelegate.m */ = {isa = PBXFileReference; lastKnownFileType = sourcecode.c.objc; path = TunerAppDelegate.m; sourceTree = "<group>"; };
		9032E79116EEC13200A84A9F /* Default.png */ = {isa = PBXFileReference; lastKnownFileType = image.png; path = Default.png; sourceTree = "<group>"; };
		9032E79316EEC13200A84A9F /* Default@2x.png */ = {isa = PBXFileReference; lastKnownFileType = image.png; path = "Default@2x.png"; sourceTree = "<group>"; };
		9032E79516EEC13200A84A9F /* Default-568h@2x.png */ = {isa = PBXFileReference; lastKnownFileType = image.png; path = "Default-568h@2x.png"; sourceTree = "<group>"; };
		9032E79816EEC13200A84A9F /* en */ = {isa = PBXFileReference; lastKnownFileType = file.storyboard; name = en; path = en.lproj/MainStoryboard.storyboard; sourceTree = "<group>"; };
		9032E79A16EEC13200A84A9F /* TunerViewController.h */ = {isa = PBXFileReference; lastKnownFileType = sourcecode.c.h; path = TunerViewController.h; sourceTree = "<group>"; };
		9032E79B16EEC13200A84A9F /* TunerViewController.m */ = {isa = PBXFileReference; lastKnownFileType = sourcecode.c.objc; path = TunerViewController.m; sourceTree = "<group>"; };
		904074EA16EECFD200C48DD4 /* MIDINote.h */ = {isa = PBXFileReference; fileEncoding = 4; lastKnownFileType = sourcecode.c.h; path = MIDINote.h; sourceTree = "<group>"; };
		904074EB16EECFD200C48DD4 /* MIDINote.m */ = {isa = PBXFileReference; fileEncoding = 4; lastKnownFileType = sourcecode.c.objc; path = MIDINote.m; sourceTree = "<group>"; };
		905B896E16F6A97900FF6E1B /* VirtualInstrument.h */ = {isa = PBXFileReference; fileEncoding = 4; lastKnownFileType = sourcecode.c.h; path = VirtualInstrument.h; sourceTree = "<group>"; };
		905B896F16F6A97900FF6E1B /* VirtualInstrument.m */ = {isa = PBXFileReference; fileEncoding = 4; lastKnownFileType = sourcecode.c.objc; path = VirtualInstrument.m; sourceTree = "<group>"; };
		905B897116F70D3C00FF6E1B /* Sounds */ = {isa = PBXFileReference; lastKnownFileType = folder; name = Sounds; path = Tuner/Sounds; sourceTree = "<group>"; };
		905B897216F70D3C00FF6E1B /* Trombone.aupreset */ = {isa = PBXFileReference; fileEncoding = 4; lastKnownFileType = text.xml; name = Trombone.aupreset; path = Tuner/Trombone.aupreset; sourceTree = "<group>"; };
		905B897316F70D3C00FF6E1B /* Vibraphone.aupreset */ = {isa = PBXFileReference; fileEncoding = 4; lastKnownFileType = text.xml; name = Vibraphone.aupreset; path = Tuner/Vibraphone.aupreset; sourceTree = "<group>"; };
		90EAB2321715513100597BFC /* Communicator.h */ = {isa = PBXFileReference; fileEncoding = 4; lastKnownFileType = sourcecode.c.h; path = Communicator.h; sourceTree = "<group>"; };
		90EAB2331715513100597BFC /* Communicator.m */ = {isa = PBXFileReference; fileEncoding = 4; lastKnownFileType = sourcecode.c.objc; path = Communicator.m; sourceTree = "<group>"; };
		90EAB2351715638600597BFC /* NoteNumDict.h */ = {isa = PBXFileReference; fileEncoding = 4; lastKnownFileType = sourcecode.c.h; path = NoteNumDict.h; sourceTree = "<group>"; };
		90EAB2361715638600597BFC /* NoteNumDict.m */ = {isa = PBXFileReference; fileEncoding = 4; lastKnownFileType = sourcecode.c.objc; path = NoteNumDict.m; sourceTree = "<group>"; };
		90FF31181716331200C30FE2 /* iOSVersionDetection.h */ = {isa = PBXFileReference; fileEncoding = 4; lastKnownFileType = sourcecode.c.h; path = iOSVersionDetection.h; sourceTree = "<group>"; };
		90FF31191716331200C30FE2 /* PGArc.h */ = {isa = PBXFileReference; fileEncoding = 4; lastKnownFileType = sourcecode.c.h; path = PGArc.h; sourceTree = "<group>"; };
		90FF311A1716331200C30FE2 /* PGMidi.h */ = {isa = PBXFileReference; fileEncoding = 4; lastKnownFileType = sourcecode.c.h; path = PGMidi.h; sourceTree = "<group>"; };
		90FF311B1716331200C30FE2 /* PGMidi.mm */ = {isa = PBXFileReference; fileEncoding = 4; lastKnownFileType = sourcecode.cpp.objcpp; path = PGMidi.mm; sourceTree = "<group>"; };
		90FF311C1716331200C30FE2 /* PGMidiAllSources.h */ = {isa = PBXFileReference; fileEncoding = 4; lastKnownFileType = sourcecode.c.h; path = PGMidiAllSources.h; sourceTree = "<group>"; };
		90FF311D1716331200C30FE2 /* PGMidiAllSources.mm */ = {isa = PBXFileReference; fileEncoding = 4; lastKnownFileType = sourcecode.cpp.objcpp; path = PGMidiAllSources.mm; sourceTree = "<group>"; };
		90FF311E1716331200C30FE2 /* PGMidiFind.h */ = {isa = PBXFileReference; fileEncoding = 4; lastKnownFileType = sourcecode.c.h; path = PGMidiFind.h; sourceTree = "<group>"; };
		90FF311F1716331200C30FE2 /* PGMidiFind.mm */ = {isa = PBXFileReference; fileEncoding = 4; lastKnownFileType = sourcecode.cpp.objcpp; path = PGMidiFind.mm; sourceTree = "<group>"; };
		90FF312317164D1B00C30FE2 /* README */ = {isa = PBXFileReference; fileEncoding = 4; lastKnownFileType = text; name = README; path = ../README; sourceTree = "<group>"; };
/* End PBXFileReference section */

/* Begin PBXFrameworksBuildPhase section */
		9032E77916EEC13100A84A9F /* Frameworks */ = {
			isa = PBXFrameworksBuildPhase;
			buildActionMask = 2147483647;
			files = (
				901191861715481300B0A804 /* CoreMIDI.framework in Frameworks */,
				902A5D4516F815BA00E120DB /* AVFoundation.framework in Frameworks */,
				902A5D4116F8156000E120DB /* AudioToolbox.framework in Frameworks */,
				902A5D4316F8156000E120DB /* CoreAudio.framework in Frameworks */,
				9032E78016EEC13200A84A9F /* UIKit.framework in Frameworks */,
				9032E78216EEC13200A84A9F /* Foundation.framework in Frameworks */,
				9032E78416EEC13200A84A9F /* CoreGraphics.framework in Frameworks */,
			);
			runOnlyForDeploymentPostprocessing = 0;
		};
/* End PBXFrameworksBuildPhase section */

/* Begin PBXGroup section */
		9032E77316EEC13100A84A9F = {
			isa = PBXGroup;
			children = (
				905B897116F70D3C00FF6E1B /* Sounds */,
				905B897216F70D3C00FF6E1B /* Trombone.aupreset */,
				905B897316F70D3C00FF6E1B /* Vibraphone.aupreset */,
				9032E78516EEC13200A84A9F /* Tuner */,
				9032E77E16EEC13200A84A9F /* Frameworks */,
				9032E77D16EEC13200A84A9F /* Products */,
			);
			sourceTree = "<group>";
		};
		9032E77D16EEC13200A84A9F /* Products */ = {
			isa = PBXGroup;
			children = (
				9032E77C16EEC13200A84A9F /* Tuner.app */,
			);
			name = Products;
			sourceTree = "<group>";
		};
		9032E77E16EEC13200A84A9F /* Frameworks */ = {
			isa = PBXGroup;
			children = (
				901191851715481300B0A804 /* CoreMIDI.framework */,
				902A5D4416F815BA00E120DB /* AVFoundation.framework */,
				902A5D3E16F8156000E120DB /* AudioToolbox.framework */,
				902A5D4016F8156000E120DB /* CoreAudio.framework */,
				9032E77F16EEC13200A84A9F /* UIKit.framework */,
				9032E78116EEC13200A84A9F /* Foundation.framework */,
				9032E78316EEC13200A84A9F /* CoreGraphics.framework */,
			);
			name = Frameworks;
			sourceTree = "<group>";
		};
		9032E78516EEC13200A84A9F /* Tuner */ = {
			isa = PBXGroup;
			children = (
				90FF31171716331200C30FE2 /* PGMidi */,
				9023ADAB171E814300D4B90C /* ModeSelection.h */,
				904074EA16EECFD200C48DD4 /* MIDINote.h */,
				904074EB16EECFD200C48DD4 /* MIDINote.m */,
				90EAB2351715638600597BFC /* NoteNumDict.h */,
				90EAB2361715638600597BFC /* NoteNumDict.m */,
				905B896E16F6A97900FF6E1B /* VirtualInstrument.h */,
				905B896F16F6A97900FF6E1B /* VirtualInstrument.m */,
				90EAB2321715513100597BFC /* Communicator.h */,
				90EAB2331715513100597BFC /* Communicator.m */,
				9032E78E16EEC13200A84A9F /* TunerAppDelegate.h */,
				9032E78F16EEC13200A84A9F /* TunerAppDelegate.m */,
				9032E79A16EEC13200A84A9F /* TunerViewController.h */,
				9032E79B16EEC13200A84A9F /* TunerViewController.m */,
				9032E79716EEC13200A84A9F /* MainStoryboard.storyboard */,
				9032E78616EEC13200A84A9F /* Supporting Files */,
			);
			path = Tuner;
			sourceTree = "<group>";
		};
		9032E78616EEC13200A84A9F /* Supporting Files */ = {
			isa = PBXGroup;
			children = (
				9032E78716EEC13200A84A9F /* Tuner-Info.plist */,
				9032E78816EEC13200A84A9F /* InfoPlist.strings */,
				9032E78B16EEC13200A84A9F /* main.m */,
				9032E78D16EEC13200A84A9F /* Tuner-Prefix.pch */,
				9032E79116EEC13200A84A9F /* Default.png */,
				9032E79316EEC13200A84A9F /* Default@2x.png */,
				9032E79516EEC13200A84A9F /* Default-568h@2x.png */,
				90FF312317164D1B00C30FE2 /* README */,
			);
			name = "Supporting Files";
			sourceTree = "<group>";
		};
		90FF31171716331200C30FE2 /* PGMidi */ = {
			isa = PBXGroup;
			children = (
				90FF31181716331200C30FE2 /* iOSVersionDetection.h */,
				90FF31191716331200C30FE2 /* PGArc.h */,
				90FF311A1716331200C30FE2 /* PGMidi.h */,
				90FF311B1716331200C30FE2 /* PGMidi.mm */,
				90FF311C1716331200C30FE2 /* PGMidiAllSources.h */,
				90FF311D1716331200C30FE2 /* PGMidiAllSources.mm */,
				90FF311E1716331200C30FE2 /* PGMidiFind.h */,
				90FF311F1716331200C30FE2 /* PGMidiFind.mm */,
			);
			path = PGMidi;
			sourceTree = "<group>";
		};
/* End PBXGroup section */

/* Begin PBXNativeTarget section */
		9032E77B16EEC13100A84A9F /* Tuner */ = {
			isa = PBXNativeTarget;
			buildConfigurationList = 9032E79F16EEC13200A84A9F /* Build configuration list for PBXNativeTarget "Tuner" */;
			buildPhases = (
				9032E77816EEC13100A84A9F /* Sources */,
				9032E77916EEC13100A84A9F /* Frameworks */,
				9032E77A16EEC13100A84A9F /* Resources */,
			);
			buildRules = (
			);
			dependencies = (
			);
			name = Tuner;
			productName = Tuner;
			productReference = 9032E77C16EEC13200A84A9F /* Tuner.app */;
			productType = "com.apple.product-type.application";
		};
/* End PBXNativeTarget section */

/* Begin PBXProject section */
		9032E77416EEC13100A84A9F /* Project object */ = {
			isa = PBXProject;
			attributes = {
				CLASSPREFIX = Tuner;
				LastUpgradeCheck = 0460;
				ORGANIZATIONNAME = tangkk;
			};
			buildConfigurationList = 9032E77716EEC13100A84A9F /* Build configuration list for PBXProject "Tuner" */;
			compatibilityVersion = "Xcode 3.2";
			developmentRegion = English;
			hasScannedForEncodings = 0;
			knownRegions = (
				en,
			);
			mainGroup = 9032E77316EEC13100A84A9F;
			productRefGroup = 9032E77D16EEC13200A84A9F /* Products */;
			projectDirPath = "";
			projectRoot = "";
			targets = (
				9032E77B16EEC13100A84A9F /* Tuner */,
			);
		};
/* End PBXProject section */

/* Begin PBXResourcesBuildPhase section */
		9032E77A16EEC13100A84A9F /* Resources */ = {
			isa = PBXResourcesBuildPhase;
			buildActionMask = 2147483647;
			files = (
				9032E78A16EEC13200A84A9F /* InfoPlist.strings in Resources */,
				9032E79216EEC13200A84A9F /* Default.png in Resources */,
				9032E79416EEC13200A84A9F /* Default@2x.png in Resources */,
				9032E79616EEC13200A84A9F /* Default-568h@2x.png in Resources */,
				9032E79916EEC13200A84A9F /* MainStoryboard.storyboard in Resources */,
				905B897416F70D3C00FF6E1B /* Sounds in Resources */,
				905B897516F70D3C00FF6E1B /* Trombone.aupreset in Resources */,
				905B897616F70D3C00FF6E1B /* Vibraphone.aupreset in Resources */,
				90FF312417164D1B00C30FE2 /* README in Resources */,
			);
			runOnlyForDeploymentPostprocessing = 0;
		};
/* End PBXResourcesBuildPhase section */

/* Begin PBXSourcesBuildPhase section */
		9032E77816EEC13100A84A9F /* Sources */ = {
			isa = PBXSourcesBuildPhase;
			buildActionMask = 2147483647;
			files = (
				9032E78C16EEC13200A84A9F /* main.m in Sources */,
				9032E79016EEC13200A84A9F /* TunerAppDelegate.m in Sources */,
				9032E79C16EEC13200A84A9F /* TunerViewController.m in Sources */,
				904074EC16EECFD200C48DD4 /* MIDINote.m in Sources */,
				905B897016F6A97900FF6E1B /* VirtualInstrument.m in Sources */,
				90EAB2341715513100597BFC /* Communicator.m in Sources */,
				90EAB2371715638600597BFC /* NoteNumDict.m in Sources */,
				90FF31201716331200C30FE2 /* PGMidi.mm in Sources */,
				90FF31211716331200C30FE2 /* PGMidiAllSources.mm in Sources */,
				90FF31221716331200C30FE2 /* PGMidiFind.mm in Sources */,
			);
			runOnlyForDeploymentPostprocessing = 0;
		};
/* End PBXSourcesBuildPhase section */

/* Begin PBXVariantGroup section */
		9032E78816EEC13200A84A9F /* InfoPlist.strings */ = {
			isa = PBXVariantGroup;
			children = (
				9032E78916EEC13200A84A9F /* en */,
			);
			name = InfoPlist.strings;
			sourceTree = "<group>";
		};
		9032E79716EEC13200A84A9F /* MainStoryboard.storyboard */ = {
			isa = PBXVariantGroup;
			children = (
				9032E79816EEC13200A84A9F /* en */,
			);
			name = MainStoryboard.storyboard;
			sourceTree = "<group>";
		};
/* End PBXVariantGroup section */

/* Begin XCBuildConfiguration section */
		9032E79D16EEC13200A84A9F /* Debug */ = {
			isa = XCBuildConfiguration;
			buildSettings = {
				ALWAYS_SEARCH_USER_PATHS = NO;
				CLANG_CXX_LANGUAGE_STANDARD = "gnu++0x";
				CLANG_CXX_LIBRARY = "libc++";
				CLANG_ENABLE_OBJC_ARC = YES;
				CLANG_WARN_CONSTANT_CONVERSION = YES;
				CLANG_WARN_EMPTY_BODY = YES;
				CLANG_WARN_ENUM_CONVERSION = YES;
				CLANG_WARN_INT_CONVERSION = YES;
				CLANG_WARN__DUPLICATE_METHOD_MATCH = YES;
				"CODE_SIGN_IDENTITY[sdk=iphoneos*]" = "iPhone Developer";
				COPY_PHASE_STRIP = NO;
				GCC_C_LANGUAGE_STANDARD = gnu99;
				GCC_DYNAMIC_NO_PIC = NO;
				GCC_OPTIMIZATION_LEVEL = 0;
				GCC_PREPROCESSOR_DEFINITIONS = (
					"DEBUG=1",
					"$(inherited)",
				);
				GCC_SYMBOLS_PRIVATE_EXTERN = NO;
				GCC_WARN_ABOUT_RETURN_TYPE = YES;
				GCC_WARN_UNINITIALIZED_AUTOS = YES;
				GCC_WARN_UNUSED_VARIABLE = YES;
				IPHONEOS_DEPLOYMENT_TARGET = 5.0;
				ONLY_ACTIVE_ARCH = YES;
				SDKROOT = iphoneos;
			};
			name = Debug;
		};
		9032E79E16EEC13200A84A9F /* Release */ = {
			isa = XCBuildConfiguration;
			buildSettings = {
				ALWAYS_SEARCH_USER_PATHS = NO;
				CLANG_CXX_LANGUAGE_STANDARD = "gnu++0x";
				CLANG_CXX_LIBRARY = "libc++";
				CLANG_ENABLE_OBJC_ARC = YES;
				CLANG_WARN_CONSTANT_CONVERSION = YES;
				CLANG_WARN_EMPTY_BODY = YES;
				CLANG_WARN_ENUM_CONVERSION = YES;
				CLANG_WARN_INT_CONVERSION = YES;
				CLANG_WARN__DUPLICATE_METHOD_MATCH = YES;
				"CODE_SIGN_IDENTITY[sdk=iphoneos*]" = "iPhone Developer";
				COPY_PHASE_STRIP = YES;
				GCC_C_LANGUAGE_STANDARD = gnu99;
				GCC_WARN_ABOUT_RETURN_TYPE = YES;
				GCC_WARN_UNINITIALIZED_AUTOS = YES;
				GCC_WARN_UNUSED_VARIABLE = YES;
				IPHONEOS_DEPLOYMENT_TARGET = 5.0;
				OTHER_CFLAGS = "-DNS_BLOCK_ASSERTIONS=1";
				SDKROOT = iphoneos;
				VALIDATE_PRODUCT = YES;
			};
			name = Release;
		};
		9032E7A016EEC13200A84A9F /* Debug */ = {
			isa = XCBuildConfiguration;
			buildSettings = {
				ALWAYS_SEARCH_USER_PATHS = NO;
				GCC_PRECOMPILE_PREFIX_HEADER = YES;
				GCC_PREFIX_HEADER = "Tuner/Tuner-Prefix.pch";
				INFOPLIST_FILE = "Tuner/Tuner-Info.plist";
				IPHONEOS_DEPLOYMENT_TARGET = 5.0;
				PRODUCT_NAME = "$(TARGET_NAME)";
				TARGETED_DEVICE_FAMILY = 1;
				WRAPPER_EXTENSION = app;
			};
			name = Debug;
		};
		9032E7A116EEC13200A84A9F /* Release */ = {
			isa = XCBuildConfiguration;
			buildSettings = {
				ALWAYS_SEARCH_USER_PATHS = NO;
				GCC_PRECOMPILE_PREFIX_HEADER = YES;
				GCC_PREFIX_HEADER = "Tuner/Tuner-Prefix.pch";
				INFOPLIST_FILE = "Tuner/Tuner-Info.plist";
				IPHONEOS_DEPLOYMENT_TARGET = 5.0;
				PRODUCT_NAME = "$(TARGET_NAME)";
				TARGETED_DEVICE_FAMILY = 1;
				WRAPPER_EXTENSION = app;
			};
			name = Release;
		};
/* End XCBuildConfiguration section */

/* Begin XCConfigurationList section */
		9032E77716EEC13100A84A9F /* Build configuration list for PBXProject "Tuner" */ = {
			isa = XCConfigurationList;
			buildConfigurations = (
				9032E79D16EEC13200A84A9F /* Debug */,
				9032E79E16EEC13200A84A9F /* Release */,
			);
			defaultConfigurationIsVisible = 0;
			defaultConfigurationName = Release;
		};
		9032E79F16EEC13200A84A9F /* Build configuration list for PBXNativeTarget "Tuner" */ = {
			isa = XCConfigurationList;
			buildConfigurations = (
				9032E7A016EEC13200A84A9F /* Debug */,
				9032E7A116EEC13200A84A9F /* Release */,
			);
			defaultConfigurationIsVisible = 0;
			defaultConfigurationName = Release;
		};
/* End XCConfigurationList section */
	};
	rootObject = 9032E77416EEC13100A84A9F /* Project object */;
}
